
Microsoft Visual Studio Solution File, Format Version 12.00
# Visual Studio Version 17
VisualStudioVersion = 17.0.31903.59
MinimumVisualStudioVersion = 10.0.40219.1
Project("{FAE04EC0-301F-11D3-BF4B-00C04F79EFBC}") = "Voytek.UnitTests", "..\..\tests\backend\Voytek.UnitTests\Voytek.UnitTests.csproj", "{362950DD-4AA0-4AF7-BFCD-BEE42C52B1B1}"
EndProject
Project("{FAE04EC0-301F-11D3-BF4B-00C04F79EFBC}") = "Voytek.IntegrationTests", "..\..\tests\backend\Voytek.IntegrationTests\Voytek.IntegrationTests.csproj", "{60F39D62-2F1F-438A-B3D8-EC6DE8071911}"
EndProject
Project("{FAE04EC0-301F-11D3-BF4B-00C04F79EFBC}") = "Voytek.ArchitectureTests", "..\..\tests\backend\Voytek.ArchitectureTests\Voytek.ArchitectureTests.csproj", "{FC220AAD-CFB1-46B1-A45F-5837738DFA4F}"
EndProject
Project("{2150E333-8FDC-42A3-9474-1A3956D46DE8}") = "src", "src", "{827E0CD3-B72D-47B6-A68D-7590B98EB39B}"
EndProject
Project("{FAE04EC0-301F-11D3-BF4B-00C04F79EFBC}") = "Voytek.SharedKernel", "src\Voytek.SharedKernel\Voytek.SharedKernel.csproj", "{BAB0B536-787E-4C92-B518-805ABE28543F}"
EndProject
Project("{FAE04EC0-301F-11D3-BF4B-00C04F79EFBC}") = "Voytek.Contracts", "src\Voytek.Contracts\Voytek.Contracts.csproj", "{1635AF4E-AC74-47C0-92D2-45F99E4E6B39}"
EndProject
Project("{FAE04EC0-301F-11D3-BF4B-00C04F79EFBC}") = "Voytek.Domain", "src\Voytek.Domain\Voytek.Domain.csproj", "{11A24B50-ECD5-4ECB-930E-C2E272382DB8}"
EndProject
Project("{FAE04EC0-301F-11D3-BF4B-00C04F79EFBC}") = "Voytek.Application", "src\Voytek.Application\Voytek.Application.csproj", "{159F662A-61DB-4379-942C-B5B1BE2CC717}"
EndProject
Project("{FAE04EC0-301F-11D3-BF4B-00C04F79EFBC}") = "Voytek.Infrastructure", "src\Voytek.Infrastructure\Voytek.Infrastructure.csproj", "{083A26F5-D908-4AAA-9F25-EE668C310AF3}"
EndProject
Project("{FAE04EC0-301F-11D3-BF4B-00C04F79EFBC}") = "Voytek.Api", "src\Voytek.Api\Voytek.Api.csproj", "{7FA6B270-A9EB-4CF0-B1FD-C8AF6050EBF6}"
EndProject
Project("{FAE04EC0-301F-11D3-BF4B-00C04F79EFBC}") = "Voytek.Workers", "src\Voytek.Workers\Voytek.Workers.csproj", "{D38C3CA2-0B09-49BA-89A3-5CF9B2B7D463}"
EndProject
Global
	GlobalSection(SolutionConfigurationPlatforms) = preSolution
		Debug|Any CPU = Debug|Any CPU
		Debug|x64 = Debug|x64
		Debug|x86 = Debug|x86
		Release|Any CPU = Release|Any CPU
		Release|x64 = Release|x64
		Release|x86 = Release|x86
	EndGlobalSection
	GlobalSection(ProjectConfigurationPlatforms) = postSolution
		{362950DD-4AA0-4AF7-BFCD-BEE42C52B1B1}.Debug|Any CPU.ActiveCfg = Debug|Any CPU
		{362950DD-4AA0-4AF7-BFCD-BEE42C52B1B1}.Debug|Any CPU.Build.0 = Debug|Any CPU
		{362950DD-4AA0-4AF7-BFCD-BEE42C52B1B1}.Debug|x64.ActiveCfg = Debug|Any CPU
		{362950DD-4AA0-4AF7-BFCD-BEE42C52B1B1}.Debug|x64.Build.0 = Debug|Any CPU
		{362950DD-4AA0-4AF7-BFCD-BEE42C52B1B1}.Debug|x86.ActiveCfg = Debug|Any CPU
		{362950DD-4AA0-4AF7-BFCD-BEE42C52B1B1}.Debug|x86.Build.0 = Debug|Any CPU
		{362950DD-4AA0-4AF7-BFCD-BEE42C52B1B1}.Release|Any CPU.ActiveCfg = Release|Any CPU
		{362950DD-4AA0-4AF7-BFCD-BEE42C52B1B1}.Release|Any CPU.Build.0 = Release|Any CPU
		{362950DD-4AA0-4AF7-BFCD-BEE42C52B1B1}.Release|x64.ActiveCfg = Release|Any CPU
		{362950DD-4AA0-4AF7-BFCD-BEE42C52B1B1}.Release|x64.Build.0 = Release|Any CPU
		{362950DD-4AA0-4AF7-BFCD-BEE42C52B1B1}.Release|x86.ActiveCfg = Release|Any CPU
		{362950DD-4AA0-4AF7-BFCD-BEE42C52B1B1}.Release|x86.Build.0 = Release|Any CPU
		{60F39D62-2F1F-438A-B3D8-EC6DE8071911}.Debug|Any CPU.ActiveCfg = Debug|Any CPU
		{60F39D62-2F1F-438A-B3D8-EC6DE8071911}.Debug|Any CPU.Build.0 = Debug|Any CPU
		{60F39D62-2F1F-438A-B3D8-EC6DE8071911}.Debug|x64.ActiveCfg = Debug|Any CPU
		{60F39D62-2F1F-438A-B3D8-EC6DE8071911}.Debug|x64.Build.0 = Debug|Any CPU
		{60F39D62-2F1F-438A-B3D8-EC6DE8071911}.Debug|x86.ActiveCfg = Debug|Any CPU
		{60F39D62-2F1F-438A-B3D8-EC6DE8071911}.Debug|x86.Build.0 = Debug|Any CPU
		{60F39D62-2F1F-438A-B3D8-EC6DE8071911}.Release|Any CPU.ActiveCfg = Release|Any CPU
		{60F39D62-2F1F-438A-B3D8-EC6DE8071911}.Release|Any CPU.Build.0 = Release|Any CPU
		{60F39D62-2F1F-438A-B3D8-EC6DE8071911}.Release|x64.ActiveCfg = Release|Any CPU
		{60F39D62-2F1F-438A-B3D8-EC6DE8071911}.Release|x64.Build.0 = Release|Any CPU
		{60F39D62-2F1F-438A-B3D8-EC6DE8071911}.Release|x86.ActiveCfg = Release|Any CPU
		{60F39D62-2F1F-438A-B3D8-EC6DE8071911}.Release|x86.Build.0 = Release|Any CPU
		{FC220AAD-CFB1-46B1-A45F-5837738DFA4F}.Debug|Any CPU.ActiveCfg = Debug|Any CPU
		{FC220AAD-CFB1-46B1-A45F-5837738DFA4F}.Debug|Any CPU.Build.0 = Debug|Any CPU
		{FC220AAD-CFB1-46B1-A45F-5837738DFA4F}.Debug|x64.ActiveCfg = Debug|Any CPU
		{FC220AAD-CFB1-46B1-A45F-5837738DFA4F}.Debug|x64.Build.0 = Debug|Any CPU
		{FC220AAD-CFB1-46B1-A45F-5837738DFA4F}.Debug|x86.ActiveCfg = Debug|Any CPU
		{FC220AAD-CFB1-46B1-A45F-5837738DFA4F}.Debug|x86.Build.0 = Debug|Any CPU
		{FC220AAD-CFB1-46B1-A45F-5837738DFA4F}.Release|Any CPU.ActiveCfg = Release|Any CPU
		{FC220AAD-CFB1-46B1-A45F-5837738DFA4F}.Release|Any CPU.Build.0 = Release|Any CPU
		{FC220AAD-CFB1-46B1-A45F-5837738DFA4F}.Release|x64.ActiveCfg = Release|Any CPU
		{FC220AAD-CFB1-46B1-A45F-5837738DFA4F}.Release|x64.Build.0 = Release|Any CPU
		{FC220AAD-CFB1-46B1-A45F-5837738DFA4F}.Release|x86.ActiveCfg = Release|Any CPU
		{FC220AAD-CFB1-46B1-A45F-5837738DFA4F}.Release|x86.Build.0 = Release|Any CPU
		{BAB0B536-787E-4C92-B518-805ABE28543F}.Debug|Any CPU.ActiveCfg = Debug|Any CPU
		{BAB0B536-787E-4C92-B518-805ABE28543F}.Debug|Any CPU.Build.0 = Debug|Any CPU
		{BAB0B536-787E-4C92-B518-805ABE28543F}.Debug|x64.ActiveCfg = Debug|Any CPU
		{BAB0B536-787E-4C92-B518-805ABE28543F}.Debug|x64.Build.0 = Debug|Any CPU
		{BAB0B536-787E-4C92-B518-805ABE28543F}.Debug|x86.ActiveCfg = Debug|Any CPU
		{BAB0B536-787E-4C92-B518-805ABE28543F}.Debug|x86.Build.0 = Debug|Any CPU
		{BAB0B536-787E-4C92-B518-805ABE28543F}.Release|Any CPU.ActiveCfg = Release|Any CPU
		{BAB0B536-787E-4C92-B518-805ABE28543F}.Release|Any CPU.Build.0 = Release|Any CPU
		{BAB0B536-787E-4C92-B518-805ABE28543F}.Release|x64.ActiveCfg = Release|Any CPU
		{BAB0B536-787E-4C92-B518-805ABE28543F}.Release|x64.Build.0 = Release|Any CPU
		{BAB0B536-787E-4C92-B518-805ABE28543F}.Release|x86.ActiveCfg = Release|Any CPU
		{BAB0B536-787E-4C92-B518-805ABE28543F}.Release|x86.Build.0 = Release|Any CPU
		{1635AF4E-AC74-47C0-92D2-45F99E4E6B39}.Debug|Any CPU.ActiveCfg = Debug|Any CPU
		{1635AF4E-AC74-47C0-92D2-45F99E4E6B39}.Debug|Any CPU.Build.0 = Debug|Any CPU
		{1635AF4E-AC74-47C0-92D2-45F99E4E6B39}.Debug|x64.ActiveCfg = Debug|Any CPU
		{1635AF4E-AC74-47C0-92D2-45F99E4E6B39}.Debug|x64.Build.0 = Debug|Any CPU
		{1635AF4E-AC74-47C0-92D2-45F99E4E6B39}.Debug|x86.ActiveCfg = Debug|Any CPU
		{1635AF4E-AC74-47C0-92D2-45F99E4E6B39}.Debug|x86.Build.0 = Debug|Any CPU
		{1635AF4E-AC74-47C0-92D2-45F99E4E6B39}.Release|Any CPU.ActiveCfg = Release|Any CPU
		{1635AF4E-AC74-47C0-92D2-45F99E4E6B39}.Release|Any CPU.Build.0 = Release|Any CPU
		{1635AF4E-AC74-47C0-92D2-45F99E4E6B39}.Release|x64.ActiveCfg = Release|Any CPU
		{1635AF4E-AC74-47C0-92D2-45F99E4E6B39}.Release|x64.Build.0 = Release|Any CPU
		{1635AF4E-AC74-47C0-92D2-45F99E4E6B39}.Release|x86.ActiveCfg = Release|Any CPU
		{1635AF4E-AC74-47C0-92D2-45F99E4E6B39}.Release|x86.Build.0 = Release|Any CPU
		{11A24B50-ECD5-4ECB-930E-C2E272382DB8}.Debug|Any CPU.ActiveCfg = Debug|Any CPU
		{11A24B50-ECD5-4ECB-930E-C2E272382DB8}.Debug|Any CPU.Build.0 = Debug|Any CPU
		{11A24B50-ECD5-4ECB-930E-C2E272382DB8}.Debug|x64.ActiveCfg = Debug|Any CPU
		{11A24B50-ECD5-4ECB-930E-C2E272382DB8}.Debug|x64.Build.0 = Debug|Any CPU
		{11A24B50-ECD5-4ECB-930E-C2E272382DB8}.Debug|x86.ActiveCfg = Debug|Any CPU
		{11A24B50-ECD5-4ECB-930E-C2E272382DB8}.Debug|x86.Build.0 = Debug|Any CPU
		{11A24B50-ECD5-4ECB-930E-C2E272382DB8}.Release|Any CPU.ActiveCfg = Release|Any CPU
		{11A24B50-ECD5-4ECB-930E-C2E272382DB8}.Release|Any CPU.Build.0 = Release|Any CPU
		{11A24B50-ECD5-4ECB-930E-C2E272382DB8}.Release|x64.ActiveCfg = Release|Any CPU
		{11A24B50-ECD5-4ECB-930E-C2E272382DB8}.Release|x64.Build.0 = Release|Any CPU
		{11A24B50-ECD5-4ECB-930E-C2E272382DB8}.Release|x86.ActiveCfg = Release|Any CPU
		{11A24B50-ECD5-4ECB-930E-C2E272382DB8}.Release|x86.Build.0 = Release|Any CPU
		{159F662A-61DB-4379-942C-B5B1BE2CC717}.Debug|Any CPU.ActiveCfg = Debug|Any CPU
		{159F662A-61DB-4379-942C-B5B1BE2CC717}.Debug|Any CPU.Build.0 = Debug|Any CPU
		{159F662A-61DB-4379-942C-B5B1BE2CC717}.Debug|x64.ActiveCfg = Debug|Any CPU
		{159F662A-61DB-4379-942C-B5B1BE2CC717}.Debug|x64.Build.0 = Debug|Any CPU
		{159F662A-61DB-4379-942C-B5B1BE2CC717}.Debug|x86.ActiveCfg = Debug|Any CPU
		{159F662A-61DB-4379-942C-B5B1BE2CC717}.Debug|x86.Build.0 = Debug|Any CPU
		{159F662A-61DB-4379-942C-B5B1BE2CC717}.Release|Any CPU.ActiveCfg = Release|Any CPU
		{159F662A-61DB-4379-942C-B5B1BE2CC717}.Release|Any CPU.Build.0 = Release|Any CPU
		{159F662A-61DB-4379-942C-B5B1BE2CC717}.Release|x64.ActiveCfg = Release|Any CPU
		{159F662A-61DB-4379-942C-B5B1BE2CC717}.Release|x64.Build.0 = Release|Any CPU
		{159F662A-61DB-4379-942C-B5B1BE2CC717}.Release|x86.ActiveCfg = Release|Any CPU
		{159F662A-61DB-4379-942C-B5B1BE2CC717}.Release|x86.Build.0 = Release|Any CPU
		{083A26F5-D908-4AAA-9F25-EE668C310AF3}.Debug|Any CPU.ActiveCfg = Debug|Any CPU
		{083A26F5-D908-4AAA-9F25-EE668C310AF3}.Debug|Any CPU.Build.0 = Debug|Any CPU
		{083A26F5-D908-4AAA-9F25-EE668C310AF3}.Debug|x64.ActiveCfg = Debug|Any CPU
		{083A26F5-D908-4AAA-9F25-EE668C310AF3}.Debug|x64.Build.0 = Debug|Any CPU
		{083A26F5-D908-4AAA-9F25-EE668C310AF3}.Debug|x86.ActiveCfg = Debug|Any CPU
		{083A26F5-D908-4AAA-9F25-EE668C310AF3}.Debug|x86.Build.0 = Debug|Any CPU
		{083A26F5-D908-4AAA-9F25-EE668C310AF3}.Release|Any CPU.ActiveCfg = Release|Any CPU
		{083A26F5-D908-4AAA-9F25-EE668C310AF3}.Release|Any CPU.Build.0 = Release|Any CPU
		{083A26F5-D908-4AAA-9F25-EE668C310AF3}.Release|x64.ActiveCfg = Release|Any CPU
		{083A26F5-D908-4AAA-9F25-EE668C310AF3}.Release|x64.Build.0 = Release|Any CPU
		{083A26F5-D908-4AAA-9F25-EE668C310AF3}.Release|x86.ActiveCfg = Release|Any CPU
		{083A26F5-D908-4AAA-9F25-EE668C310AF3}.Release|x86.Build.0 = Release|Any CPU
		{7FA6B270-A9EB-4CF0-B1FD-C8AF6050EBF6}.Debug|Any CPU.ActiveCfg = Debug|Any CPU
		{7FA6B270-A9EB-4CF0-B1FD-C8AF6050EBF6}.Debug|Any CPU.Build.0 = Debug|Any CPU
		{7FA6B270-A9EB-4CF0-B1FD-C8AF6050EBF6}.Debug|x64.ActiveCfg = Debug|Any CPU
		{7FA6B270-A9EB-4CF0-B1FD-C8AF6050EBF6}.Debug|x64.Build.0 = Debug|Any CPU
		{7FA6B270-A9EB-4CF0-B1FD-C8AF6050EBF6}.Debug|x86.ActiveCfg = Debug|Any CPU
		{7FA6B270-A9EB-4CF0-B1FD-C8AF6050EBF6}.Debug|x86.Build.0 = Debug|Any CPU
		{7FA6B270-A9EB-4CF0-B1FD-C8AF6050EBF6}.Release|Any CPU.ActiveCfg = Release|Any CPU
		{7FA6B270-A9EB-4CF0-B1FD-C8AF6050EBF6}.Release|Any CPU.Build.0 = Release|Any CPU
		{7FA6B270-A9EB-4CF0-B1FD-C8AF6050EBF6}.Release|x64.ActiveCfg = Release|Any CPU
		{7FA6B270-A9EB-4CF0-B1FD-C8AF6050EBF6}.Release|x64.Build.0 = Release|Any CPU
		{7FA6B270-A9EB-4CF0-B1FD-C8AF6050EBF6}.Release|x86.ActiveCfg = Release|Any CPU
		{7FA6B270-A9EB-4CF0-B1FD-C8AF6050EBF6}.Release|x86.Build.0 = Release|Any CPU
		{D38C3CA2-0B09-49BA-89A3-5CF9B2B7D463}.Debug|Any CPU.ActiveCfg = Debug|Any CPU
		{D38C3CA2-0B09-49BA-89A3-5CF9B2B7D463}.Debug|Any CPU.Build.0 = Debug|Any CPU
		{D38C3CA2-0B09-49BA-89A3-5CF9B2B7D463}.Debug|x64.ActiveCfg = Debug|Any CPU
		{D38C3CA2-0B09-49BA-89A3-5CF9B2B7D463}.Debug|x64.Build.0 = Debug|Any CPU
		{D38C3CA2-0B09-49BA-89A3-5CF9B2B7D463}.Debug|x86.ActiveCfg = Debug|Any CPU
		{D38C3CA2-0B09-49BA-89A3-5CF9B2B7D463}.Debug|x86.Build.0 = Debug|Any CPU
		{D38C3CA2-0B09-49BA-89A3-5CF9B2B7D463}.Release|Any CPU.ActiveCfg = Release|Any CPU
		{D38C3CA2-0B09-49BA-89A3-5CF9B2B7D463}.Release|Any CPU.Build.0 = Release|Any CPU
		{D38C3CA2-0B09-49BA-89A3-5CF9B2B7D463}.Release|x64.ActiveCfg = Release|Any CPU
		{D38C3CA2-0B09-49BA-89A3-5CF9B2B7D463}.Release|x64.Build.0 = Release|Any CPU
		{D38C3CA2-0B09-49BA-89A3-5CF9B2B7D463}.Release|x86.ActiveCfg = Release|Any CPU
		{D38C3CA2-0B09-49BA-89A3-5CF9B2B7D463}.Release|x86.Build.0 = Release|Any CPU
	EndGlobalSection
	GlobalSection(SolutionProperties) = preSolution
		HideSolutionNode = FALSE
	EndGlobalSection
	GlobalSection(NestedProjects) = preSolution
		{BAB0B536-787E-4C92-B518-805ABE28543F} = {827E0CD3-B72D-47B6-A68D-7590B98EB39B}
		{1635AF4E-AC74-47C0-92D2-45F99E4E6B39} = {827E0CD3-B72D-47B6-A68D-7590B98EB39B}
		{11A24B50-ECD5-4ECB-930E-C2E272382DB8} = {827E0CD3-B72D-47B6-A68D-7590B98EB39B}
		{159F662A-61DB-4379-942C-B5B1BE2CC717} = {827E0CD3-B72D-47B6-A68D-7590B98EB39B}
		{083A26F5-D908-4AAA-9F25-EE668C310AF3} = {827E0CD3-B72D-47B6-A68D-7590B98EB39B}
		{7FA6B270-A9EB-4CF0-B1FD-C8AF6050EBF6} = {827E0CD3-B72D-47B6-A68D-7590B98EB39B}
		{D38C3CA2-0B09-49BA-89A3-5CF9B2B7D463} = {827E0CD3-B72D-47B6-A68D-7590B98EB39B}
	EndGlobalSection
EndGlobal
